
Microsoft Visual Studio Solution File, Format Version 12.00
# Visual Studio Version 16
VisualStudioVersion = 16.0.33801.447
MinimumVisualStudioVersion = 10.0.40219.1
Project("{FAE04EC0-301F-11D3-BF4B-00C04F79EFBC}") = "Deque", "Deque\Deque.csproj", "{B409B332-12D5-4F2B-9221-33EB9093433E}"
EndProject
Global
	GlobalSection(SolutionConfigurationPlatforms) = preSolution
		Debug|Any CPU = Debug|Any CPU
		Release|Any CPU = Release|Any CPU
	EndGlobalSection
	GlobalSection(ProjectConfigurationPlatforms) = postSolution
		{B409B332-12D5-4F2B-9221-33EB9093433E}.Debug|Any CPU.ActiveCfg = Debug|Any CPU
		{B409B332-12D5-4F2B-9221-33EB9093433E}.Debug|Any CPU.Build.0 = Debug|Any CPU
		{B409B332-12D5-4F2B-9221-33EB9093433E}.Release|Any CPU.ActiveCfg = Release|Any CPU
		{B409B332-12D5-4F2B-9221-33EB9093433E}.Release|Any CPU.Build.0 = Release|Any CPU
	EndGlobalSection
	GlobalSection(SolutionProperties) = preSolution
		HideSolutionNode = FALSE
	EndGlobalSection
	GlobalSection(ExtensibilityGlobals) = postSolution
		SolutionGuid = {7419F3B4-8ABD-4656-A2D0-780F1A58DDA4}
	EndGlobalSection
EndGlobal
