
Microsoft Visual Studio Solution File, Format Version 12.00
# Visual Studio Version 16
VisualStudioVersion = 16.0.33801.447
MinimumVisualStudioVersion = 10.0.40219.1
Project("{FAE04EC0-301F-11D3-BF4B-00C04F79EFBC}") = "BubbleSort", "BubbleSort\BubbleSort.csproj", "{8E8E44DD-B25C-4F6A-A146-4065DE3E3DFF}"
EndProject
Global
	GlobalSection(SolutionConfigurationPlatforms) = preSolution
		Debug|Any CPU = Debug|Any CPU
		Release|Any CPU = Release|Any CPU
	EndGlobalSection
	GlobalSection(ProjectConfigurationPlatforms) = postSolution
		{8E8E44DD-B25C-4F6A-A146-4065DE3E3DFF}.Debug|Any CPU.ActiveCfg = Debug|Any CPU
		{8E8E44DD-B25C-4F6A-A146-4065DE3E3DFF}.Debug|Any CPU.Build.0 = Debug|Any CPU
		{8E8E44DD-B25C-4F6A-A146-4065DE3E3DFF}.Release|Any CPU.ActiveCfg = Release|Any CPU
		{8E8E44DD-B25C-4F6A-A146-4065DE3E3DFF}.Release|Any CPU.Build.0 = Release|Any CPU
	EndGlobalSection
	GlobalSection(SolutionProperties) = preSolution
		HideSolutionNode = FALSE
	EndGlobalSection
	GlobalSection(ExtensibilityGlobals) = postSolution
		SolutionGuid = {77E924FA-7912-40E9-A09D-39A81317D4E1}
	EndGlobalSection
EndGlobal
