
Microsoft Visual Studio Solution File, Format Version 12.00
# Visual Studio Version 16
VisualStudioVersion = 16.0.33801.447
MinimumVisualStudioVersion = 10.0.40219.1
Project("{FAE04EC0-301F-11D3-BF4B-00C04F79EFBC}") = "QueueArrayProject", "QueueArrayProject\QueueArrayProject.csproj", "{2E85D0F9-61B0-4F28-B329-D5E978400936}"
EndProject
Global
	GlobalSection(SolutionConfigurationPlatforms) = preSolution
		Debug|Any CPU = Debug|Any CPU
		Release|Any CPU = Release|Any CPU
	EndGlobalSection
	GlobalSection(ProjectConfigurationPlatforms) = postSolution
		{2E85D0F9-61B0-4F28-B329-D5E978400936}.Debug|Any CPU.ActiveCfg = Debug|Any CPU
		{2E85D0F9-61B0-4F28-B329-D5E978400936}.Debug|Any CPU.Build.0 = Debug|Any CPU
		{2E85D0F9-61B0-4F28-B329-D5E978400936}.Release|Any CPU.ActiveCfg = Release|Any CPU
		{2E85D0F9-61B0-4F28-B329-D5E978400936}.Release|Any CPU.Build.0 = Release|Any CPU
	EndGlobalSection
	GlobalSection(SolutionProperties) = preSolution
		HideSolutionNode = FALSE
	EndGlobalSection
	GlobalSection(ExtensibilityGlobals) = postSolution
		SolutionGuid = {44D2F9DE-162D-4F24-9B86-ABDCB07A18E9}
	EndGlobalSection
EndGlobal
