
Microsoft Visual Studio Solution File, Format Version 12.00
# Visual Studio Version 16
VisualStudioVersion = 16.0.33801.447
MinimumVisualStudioVersion = 10.0.40219.1
Project("{FAE04EC0-301F-11D3-BF4B-00C04F79EFBC}") = "Euclids", "Euclids\Euclids.csproj", "{AEA0A086-834E-4C79-BFB8-21C119F46C02}"
EndProject
Global
	GlobalSection(SolutionConfigurationPlatforms) = preSolution
		Debug|Any CPU = Debug|Any CPU
		Release|Any CPU = Release|Any CPU
	EndGlobalSection
	GlobalSection(ProjectConfigurationPlatforms) = postSolution
		{AEA0A086-834E-4C79-BFB8-21C119F46C02}.Debug|Any CPU.ActiveCfg = Debug|Any CPU
		{AEA0A086-834E-4C79-BFB8-21C119F46C02}.Debug|Any CPU.Build.0 = Debug|Any CPU
		{AEA0A086-834E-4C79-BFB8-21C119F46C02}.Release|Any CPU.ActiveCfg = Release|Any CPU
		{AEA0A086-834E-4C79-BFB8-21C119F46C02}.Release|Any CPU.Build.0 = Release|Any CPU
	EndGlobalSection
	GlobalSection(SolutionProperties) = preSolution
		HideSolutionNode = FALSE
	EndGlobalSection
	GlobalSection(ExtensibilityGlobals) = postSolution
		SolutionGuid = {0000698B-8ACF-4654-88CC-BDAFE14A7420}
	EndGlobalSection
EndGlobal
