
Microsoft Visual Studio Solution File, Format Version 12.00
# Visual Studio Version 16
VisualStudioVersion = 16.0.33801.447
MinimumVisualStudioVersion = 10.0.40219.1
Project("{FAE04EC0-301F-11D3-BF4B-00C04F79EFBC}") = "DoubleLinkedListProject", "DoubleLinkedListProject\DoubleLinkedListProject.csproj", "{3F635208-820C-44FA-95AD-93F2DA5AF1AE}"
EndProject
Global
	GlobalSection(SolutionConfigurationPlatforms) = preSolution
		Debug|Any CPU = Debug|Any CPU
		Release|Any CPU = Release|Any CPU
	EndGlobalSection
	GlobalSection(ProjectConfigurationPlatforms) = postSolution
		{3F635208-820C-44FA-95AD-93F2DA5AF1AE}.Debug|Any CPU.ActiveCfg = Debug|Any CPU
		{3F635208-820C-44FA-95AD-93F2DA5AF1AE}.Debug|Any CPU.Build.0 = Debug|Any CPU
		{3F635208-820C-44FA-95AD-93F2DA5AF1AE}.Release|Any CPU.ActiveCfg = Release|Any CPU
		{3F635208-820C-44FA-95AD-93F2DA5AF1AE}.Release|Any CPU.Build.0 = Release|Any CPU
	EndGlobalSection
	GlobalSection(SolutionProperties) = preSolution
		HideSolutionNode = FALSE
	EndGlobalSection
	GlobalSection(ExtensibilityGlobals) = postSolution
		SolutionGuid = {C10BDD4E-1691-4B0E-B67F-5050108A80CD}
	EndGlobalSection
EndGlobal
