
Microsoft Visual Studio Solution File, Format Version 12.00
# Visual Studio Version 16
VisualStudioVersion = 16.0.33801.447
MinimumVisualStudioVersion = 10.0.40219.1
Project("{FAE04EC0-301F-11D3-BF4B-00C04F79EFBC}") = "SingleLinkedListProject", "SingleLinkedListProject\SingleLinkedListProject.csproj", "{02354B2C-61C8-4E86-AB2E-0F9903A9EB4E}"
EndProject
Global
	GlobalSection(SolutionConfigurationPlatforms) = preSolution
		Debug|Any CPU = Debug|Any CPU
		Release|Any CPU = Release|Any CPU
	EndGlobalSection
	GlobalSection(ProjectConfigurationPlatforms) = postSolution
		{02354B2C-61C8-4E86-AB2E-0F9903A9EB4E}.Debug|Any CPU.ActiveCfg = Debug|Any CPU
		{02354B2C-61C8-4E86-AB2E-0F9903A9EB4E}.Debug|Any CPU.Build.0 = Debug|Any CPU
		{02354B2C-61C8-4E86-AB2E-0F9903A9EB4E}.Release|Any CPU.ActiveCfg = Release|Any CPU
		{02354B2C-61C8-4E86-AB2E-0F9903A9EB4E}.Release|Any CPU.Build.0 = Release|Any CPU
	EndGlobalSection
	GlobalSection(SolutionProperties) = preSolution
		HideSolutionNode = FALSE
	EndGlobalSection
	GlobalSection(ExtensibilityGlobals) = postSolution
		SolutionGuid = {4DCA7CD1-00AC-416D-99F7-9C2D251B825C}
	EndGlobalSection
EndGlobal
