
Microsoft Visual Studio Solution File, Format Version 12.00
# Visual Studio Version 16
VisualStudioVersion = 16.0.33801.447
MinimumVisualStudioVersion = 10.0.40219.1
Project("{FAE04EC0-301F-11D3-BF4B-00C04F79EFBC}") = "BinarySearchRecursive", "BinarySearchRecursive\BinarySearchRecursive.csproj", "{8C0AD74E-379F-4CE8-80D4-60DE72BB28D3}"
EndProject
Global
	GlobalSection(SolutionConfigurationPlatforms) = preSolution
		Debug|Any CPU = Debug|Any CPU
		Release|Any CPU = Release|Any CPU
	EndGlobalSection
	GlobalSection(ProjectConfigurationPlatforms) = postSolution
		{8C0AD74E-379F-4CE8-80D4-60DE72BB28D3}.Debug|Any CPU.ActiveCfg = Debug|Any CPU
		{8C0AD74E-379F-4CE8-80D4-60DE72BB28D3}.Debug|Any CPU.Build.0 = Debug|Any CPU
		{8C0AD74E-379F-4CE8-80D4-60DE72BB28D3}.Release|Any CPU.ActiveCfg = Release|Any CPU
		{8C0AD74E-379F-4CE8-80D4-60DE72BB28D3}.Release|Any CPU.Build.0 = Release|Any CPU
	EndGlobalSection
	GlobalSection(SolutionProperties) = preSolution
		HideSolutionNode = FALSE
	EndGlobalSection
	GlobalSection(ExtensibilityGlobals) = postSolution
		SolutionGuid = {05A8FAAC-88A6-4F59-A417-D37D70046838}
	EndGlobalSection
EndGlobal
