
Microsoft Visual Studio Solution File, Format Version 12.00
# Visual Studio Version 16
VisualStudioVersion = 16.0.33801.447
MinimumVisualStudioVersion = 10.0.40219.1
Project("{FAE04EC0-301F-11D3-BF4B-00C04F79EFBC}") = "Display1toN", "Display1toN\Display1toN.csproj", "{2AB56FE2-9581-4A25-A7F5-65FD743184F7}"
EndProject
Global
	GlobalSection(SolutionConfigurationPlatforms) = preSolution
		Debug|Any CPU = Debug|Any CPU
		Release|Any CPU = Release|Any CPU
	EndGlobalSection
	GlobalSection(ProjectConfigurationPlatforms) = postSolution
		{2AB56FE2-9581-4A25-A7F5-65FD743184F7}.Debug|Any CPU.ActiveCfg = Debug|Any CPU
		{2AB56FE2-9581-4A25-A7F5-65FD743184F7}.Debug|Any CPU.Build.0 = Debug|Any CPU
		{2AB56FE2-9581-4A25-A7F5-65FD743184F7}.Release|Any CPU.ActiveCfg = Release|Any CPU
		{2AB56FE2-9581-4A25-A7F5-65FD743184F7}.Release|Any CPU.Build.0 = Release|Any CPU
	EndGlobalSection
	GlobalSection(SolutionProperties) = preSolution
		HideSolutionNode = FALSE
	EndGlobalSection
	GlobalSection(ExtensibilityGlobals) = postSolution
		SolutionGuid = {F7B64D52-B17E-4BB4-A358-8CC2F810F66C}
	EndGlobalSection
EndGlobal
