
Microsoft Visual Studio Solution File, Format Version 12.00
# Visual Studio Version 16
VisualStudioVersion = 16.0.33801.447
MinimumVisualStudioVersion = 10.0.40219.1
Project("{FAE04EC0-301F-11D3-BF4B-00C04F79EFBC}") = "Fibonacci", "Fibonacci\Fibonacci.csproj", "{55DBBA66-94E7-42F0-9E9C-7D82FB290163}"
EndProject
Global
	GlobalSection(SolutionConfigurationPlatforms) = preSolution
		Debug|Any CPU = Debug|Any CPU
		Release|Any CPU = Release|Any CPU
	EndGlobalSection
	GlobalSection(ProjectConfigurationPlatforms) = postSolution
		{55DBBA66-94E7-42F0-9E9C-7D82FB290163}.Debug|Any CPU.ActiveCfg = Debug|Any CPU
		{55DBBA66-94E7-42F0-9E9C-7D82FB290163}.Debug|Any CPU.Build.0 = Debug|Any CPU
		{55DBBA66-94E7-42F0-9E9C-7D82FB290163}.Release|Any CPU.ActiveCfg = Release|Any CPU
		{55DBBA66-94E7-42F0-9E9C-7D82FB290163}.Release|Any CPU.Build.0 = Release|Any CPU
	EndGlobalSection
	GlobalSection(SolutionProperties) = preSolution
		HideSolutionNode = FALSE
	EndGlobalSection
	GlobalSection(ExtensibilityGlobals) = postSolution
		SolutionGuid = {20588896-C980-45FF-AC0A-0E5DDAC0DDC3}
	EndGlobalSection
EndGlobal
